// !$*UTF8*$!
{
	archiveVersion = 1;
	classes = {
	};
	objectVersion = 46;
	objects = {

/* Begin PBXBuildFile section */
		3EE1949B1BFB0C9E0006A12B /* AppDelegate.swift in Sources */ = {isa = PBXBuildFile; fileRef = 3EE1949A1BFB0C9E0006A12B /* AppDelegate.swift */; };
		3EE1949D1BFB0C9E0006A12B /* ViewController.swift in Sources */ = {isa = PBXBuildFile; fileRef = 3EE1949C1BFB0C9E0006A12B /* ViewController.swift */; };
		3EE194A01BFB0C9E0006A12B /* Main.storyboard in Resources */ = {isa = PBXBuildFile; fileRef = 3EE1949E1BFB0C9E0006A12B /* Main.storyboard */; };
		3EE194A51BFB0C9E0006A12B /* Assets.xcassets in Resources */ = {isa = PBXBuildFile; fileRef = 3EE194A41BFB0C9E0006A12B /* Assets.xcassets */; };
		3EE194A81BFB0C9E0006A12B /* LaunchScreen.storyboard in Resources */ = {isa = PBXBuildFile; fileRef = 3EE194A61BFB0C9E0006A12B /* LaunchScreen.storyboard */; };
		3EFC041D1BFCF8A00023737E /* AgentsView.swift in Sources */ = {isa = PBXBuildFile; fileRef = 3EFC041C1BFCF8A00023737E /* AgentsView.swift */; };
/* End PBXBuildFile section */

/* Begin PBXFileReference section */
		3EE194971BFB0C9E0006A12B /* GameplayKitAgents.app */ = {isa = PBXFileReference; explicitFileType = wrapper.application; includeInIndex = 0; path = GameplayKitAgents.app; sourceTree = BUILT_PRODUCTS_DIR; };
		3EE1949A1BFB0C9E0006A12B /* AppDelegate.swift */ = {isa = PBXFileReference; lastKnownFileType = sourcecode.swift; path = AppDelegate.swift; sourceTree = "<group>"; };
		3EE1949C1BFB0C9E0006A12B /* ViewController.swift */ = {isa = PBXFileReference; lastKnownFileType = sourcecode.swift; path = ViewController.swift; sourceTree = "<group>"; };
		3EE1949F1BFB0C9E0006A12B /* Base */ = {isa = PBXFileReference; lastKnownFileType = file.storyboard; name = Base; path = Base.lproj/Main.storyboard; sourceTree = "<group>"; };
		3EE194A41BFB0C9E0006A12B /* Assets.xcassets */ = {isa = PBXFileReference; lastKnownFileType = folder.assetcatalog; path = Assets.xcassets; sourceTree = "<group>"; };
		3EE194A71BFB0C9E0006A12B /* Base */ = {isa = PBXFileReference; lastKnownFileType = file.storyboard; name = Base; path = Base.lproj/LaunchScreen.storyboard; sourceTree = "<group>"; };
		3EE194A91BFB0C9E0006A12B /* Info.plist */ = {isa = PBXFileReference; lastKnownFileType = text.plist.xml; path = Info.plist; sourceTree = "<group>"; };
		3EFC041C1BFCF8A00023737E /* AgentsView.swift */ = {isa = PBXFileReference; fileEncoding = 4; lastKnownFileType = sourcecode.swift; path = AgentsView.swift; sourceTree = "<group>"; };
/* End PBXFileReference section */

/* Begin PBXFrameworksBuildPhase section */
		3EE194941BFB0C9E0006A12B /* Frameworks */ = {
			isa = PBXFrameworksBuildPhase;
			buildActionMask = 2147483647;
			files = (
			);
			runOnlyForDeploymentPostprocessing = 0;
		};
/* End PBXFrameworksBuildPhase section */

/* Begin PBXGroup section */
		3EE1948E1BFB0C9E0006A12B = {
			isa = PBXGroup;
			children = (
				3EE194991BFB0C9E0006A12B /* GameplayKitAgents */,
				3EE194981BFB0C9E0006A12B /* Products */,
			);
			sourceTree = "<group>";
		};
		3EE194981BFB0C9E0006A12B /* Products */ = {
			isa = PBXGroup;
			children = (
				3EE194971BFB0C9E0006A12B /* GameplayKitAgents.app */,
			);
			name = Products;
			sourceTree = "<group>";
		};
		3EE194991BFB0C9E0006A12B /* GameplayKitAgents */ = {
			isa = PBXGroup;
			children = (
				3EFC041E1BFCFB6D0023737E /* agentsView */,
				3EE1949A1BFB0C9E0006A12B /* AppDelegate.swift */,
				3EE1949C1BFB0C9E0006A12B /* ViewController.swift */,
				3EE1949E1BFB0C9E0006A12B /* Main.storyboard */,
				3EE194A41BFB0C9E0006A12B /* Assets.xcassets */,
				3EE194A61BFB0C9E0006A12B /* LaunchScreen.storyboard */,
				3EE194A91BFB0C9E0006A12B /* Info.plist */,
			);
			path = GameplayKitAgents;
			sourceTree = "<group>";
		};
		3EFC041E1BFCFB6D0023737E /* agentsView */ = {
			isa = PBXGroup;
			children = (
				3EFC041C1BFCF8A00023737E /* AgentsView.swift */,
			);
			name = agentsView;
			sourceTree = "<group>";
		};
/* End PBXGroup section */

/* Begin PBXNativeTarget section */
		3EE194961BFB0C9E0006A12B /* GameplayKitAgents */ = {
			isa = PBXNativeTarget;
			buildConfigurationList = 3EE194AC1BFB0C9E0006A12B /* Build configuration list for PBXNativeTarget "GameplayKitAgents" */;
			buildPhases = (
				3EE194931BFB0C9E0006A12B /* Sources */,
				3EE194941BFB0C9E0006A12B /* Frameworks */,
				3EE194951BFB0C9E0006A12B /* Resources */,
			);
			buildRules = (
			);
			dependencies = (
			);
			name = GameplayKitAgents;
			productName = GameplayKitAgents;
			productReference = 3EE194971BFB0C9E0006A12B /* GameplayKitAgents.app */;
			productType = "com.apple.product-type.application";
		};
/* End PBXNativeTarget section */

/* Begin PBXProject section */
		3EE1948F1BFB0C9E0006A12B /* Project object */ = {
			isa = PBXProject;
			attributes = {
				LastSwiftUpdateCheck = 0710;
				LastUpgradeCheck = 0710;
				ORGANIZATIONNAME = "Simon Gladman";
				TargetAttributes = {
					3EE194961BFB0C9E0006A12B = {
						CreatedOnToolsVersion = 7.1;
					};
				};
			};
			buildConfigurationList = 3EE194921BFB0C9E0006A12B /* Build configuration list for PBXProject "GameplayKitAgents" */;
			compatibilityVersion = "Xcode 3.2";
			developmentRegion = English;
			hasScannedForEncodings = 0;
			knownRegions = (
				en,
				Base,
			);
			mainGroup = 3EE1948E1BFB0C9E0006A12B;
			productRefGroup = 3EE194981BFB0C9E0006A12B /* Products */;
			projectDirPath = "";
			projectRoot = "";
			targets = (
				3EE194961BFB0C9E0006A12B /* GameplayKitAgents */,
			);
		};
/* End PBXProject section */

/* Begin PBXResourcesBuildPhase section */
		3EE194951BFB0C9E0006A12B /* Resources */ = {
			isa = PBXResourcesBuildPhase;
			buildActionMask = 2147483647;
			files = (
				3EE194A81BFB0C9E0006A12B /* LaunchScreen.storyboard in Resources */,
				3EE194A51BFB0C9E0006A12B /* Assets.xcassets in Resources */,
				3EE194A01BFB0C9E0006A12B /* Main.storyboard in Resources */,
			);
			runOnlyForDeploymentPostprocessing = 0;
		};
/* End PBXResourcesBuildPhase section */

/* Begin PBXSourcesBuildPhase section */
		3EE194931BFB0C9E0006A12B /* Sources */ = {
			isa = PBXSourcesBuildPhase;
			buildActionMask = 2147483647;
			files = (
				3EFC041D1BFCF8A00023737E /* AgentsView.swift in Sources */,
				3EE1949D1BFB0C9E0006A12B /* ViewController.swift in Sources */,
				3EE1949B1BFB0C9E0006A12B /* AppDelegate.swift in Sources */,
			);
			runOnlyForDeploymentPostprocessing = 0;
		};
/* End PBXSourcesBuildPhase section */

/* Begin PBXVariantGroup section */
		3EE1949E1BFB0C9E0006A12B /* Main.storyboard */ = {
			isa = PBXVariantGroup;
			children = (
				3EE1949F1BFB0C9E0006A12B /* Base */,
			);
			name = Main.storyboard;
			sourceTree = "<group>";
		};
		3EE194A61BFB0C9E0006A12B /* LaunchScreen.storyboard */ = {
			isa = PBXVariantGroup;
			children = (
				3EE194A71BFB0C9E0006A12B /* Base */,
			);
			name = LaunchScreen.storyboard;
			sourceTree = "<group>";
		};
/* End PBXVariantGroup section */

/* Begin XCBuildConfiguration section */
		3EE194AA1BFB0C9E0006A12B /* Debug */ = {
			isa = XCBuildConfiguration;
			buildSettings = {
				ALWAYS_SEARCH_USER_PATHS = NO;
				CLANG_CXX_LANGUAGE_STANDARD = "gnu++0x";
				CLANG_CXX_LIBRARY = "libc++";
				CLANG_ENABLE_MODULES = YES;
				CLANG_ENABLE_OBJC_ARC = YES;
				CLANG_WARN_BOOL_CONVERSION = YES;
				CLANG_WARN_CONSTANT_CONVERSION = YES;
				CLANG_WARN_DIRECT_OBJC_ISA_USAGE = YES_ERROR;
				CLANG_WARN_EMPTY_BODY = YES;
				CLANG_WARN_ENUM_CONVERSION = YES;
				CLANG_WARN_INT_CONVERSION = YES;
				CLANG_WARN_OBJC_ROOT_CLASS = YES_ERROR;
				CLANG_WARN_UNREACHABLE_CODE = YES;
				CLANG_WARN__DUPLICATE_METHOD_MATCH = YES;
				"CODE_SIGN_IDENTITY[sdk=iphoneos*]" = "iPhone Developer";
				COPY_PHASE_STRIP = NO;
				DEBUG_INFORMATION_FORMAT = dwarf;
				ENABLE_STRICT_OBJC_MSGSEND = YES;
				ENABLE_TESTABILITY = YES;
				GCC_C_LANGUAGE_STANDARD = gnu99;
				GCC_DYNAMIC_NO_PIC = NO;
				GCC_NO_COMMON_BLOCKS = YES;
				GCC_OPTIMIZATION_LEVEL = 0;
				GCC_PREPROCESSOR_DEFINITIONS = (
					"DEBUG=1",
					"$(inherited)",
				);
				GCC_WARN_64_TO_32_BIT_CONVERSION = YES;
				GCC_WARN_ABOUT_RETURN_TYPE = YES_ERROR;
				GCC_WARN_UNDECLARED_SELECTOR = YES;
				GCC_WARN_UNINITIALIZED_AUTOS = YES_AGGRESSIVE;
				GCC_WARN_UNUSED_FUNCTION = YES;
				GCC_WARN_UNUSED_VARIABLE = YES;
				IPHONEOS_DEPLOYMENT_TARGET = 9.1;
				MTL_ENABLE_DEBUG_INFO = YES;
				ONLY_ACTIVE_ARCH = YES;
				SDKROOT = iphoneos;
				SWIFT_OPTIMIZATION_LEVEL = "-Onone";
				TARGETED_DEVICE_FAMILY = 2;
			};
			name = Debug;
		};
		3EE194AB1BFB0C9E0006A12B /* Release */ = {
			isa = XCBuildConfiguration;
			buildSettings = {
				ALWAYS_SEARCH_USER_PATHS = NO;
				CLANG_CXX_LANGUAGE_STANDARD = "gnu++0x";
				CLANG_CXX_LIBRARY = "libc++";
				CLANG_ENABLE_MODULES = YES;
				CLANG_ENABLE_OBJC_ARC = YES;
				CLANG_WARN_BOOL_CONVERSION = YES;
				CLANG_WARN_CONSTANT_CONVERSION = YES;
				CLANG_WARN_DIRECT_OBJC_ISA_USAGE = YES_ERROR;
				CLANG_WARN_EMPTY_BODY = YES;
				CLANG_WARN_ENUM_CONVERSION = YES;
				CLANG_WARN_INT_CONVERSION = YES;
				CLANG_WARN_OBJC_ROOT_CLASS = YES_ERROR;
				CLANG_WARN_UNREACHABLE_CODE = YES;
				CLANG_WARN__DUPLICATE_METHOD_MATCH = YES;
				"CODE_SIGN_IDENTITY[sdk=iphoneos*]" = "iPhone Developer";
				COPY_PHASE_STRIP = NO;
				DEBUG_INFORMATION_FORMAT = "dwarf-with-dsym";
				ENABLE_NS_ASSERTIONS = NO;
				ENABLE_STRICT_OBJC_MSGSEND = YES;
				GCC_C_LANGUAGE_STANDARD = gnu99;
				GCC_NO_COMMON_BLOCKS = YES;
				GCC_WARN_64_TO_32_BIT_CONVERSION = YES;
				GCC_WARN_ABOUT_RETURN_TYPE = YES_ERROR;
				GCC_WARN_UNDECLARED_SELECTOR = YES;
				GCC_WARN_UNINITIALIZED_AUTOS = YES_AGGRESSIVE;
				GCC_WARN_UNUSED_FUNCTION = YES;
				GCC_WARN_UNUSED_VARIABLE = YES;
				IPHONEOS_DEPLOYMENT_TARGET = 9.1;
				MTL_ENABLE_DEBUG_INFO = NO;
				SDKROOT = iphoneos;
				TARGETED_DEVICE_FAMILY = 2;
				VALIDATE_PRODUCT = YES;
			};
			name = Release;
		};
		3EE194AD1BFB0C9E0006A12B /* Debug */ = {
			isa = XCBuildConfiguration;
			buildSettings = {
				ASSETCATALOG_COMPILER_APPICON_NAME = AppIcon;
				INFOPLIST_FILE = GameplayKitAgents/Info.plist;
				LD_RUNPATH_SEARCH_PATHS = "$(inherited) @executable_path/Frameworks";
				PRODUCT_BUNDLE_IDENTIFIER = uk.co.flexmonkey.GameplayKitAgents;
				PRODUCT_NAME = "$(TARGET_NAME)";
			};
			name = Debug;
		};
		3EE194AE1BFB0C9E0006A12B /* Release */ = {
			isa = XCBuildConfiguration;
			buildSettings = {
				ASSETCATALOG_COMPILER_APPICON_NAME = AppIcon;
				INFOPLIST_FILE = GameplayKitAgents/Info.plist;
				LD_RUNPATH_SEARCH_PATHS = "$(inherited) @executable_path/Frameworks";
				PRODUCT_BUNDLE_IDENTIFIER = uk.co.flexmonkey.GameplayKitAgents;
				PRODUCT_NAME = "$(TARGET_NAME)";
			};
			name = Release;
		};
/* End XCBuildConfiguration section */

/* Begin XCConfigurationList section */
		3EE194921BFB0C9E0006A12B /* Build configuration list for PBXProject "GameplayKitAgents" */ = {
			isa = XCConfigurationList;
			buildConfigurations = (
				3EE194AA1BFB0C9E0006A12B /* Debug */,
				3EE194AB1BFB0C9E0006A12B /* Release */,
			);
			defaultConfigurationIsVisible = 0;
			defaultConfigurationName = Release;
		};
		3EE194AC1BFB0C9E0006A12B /* Build configuration list for PBXNativeTarget "GameplayKitAgents" */ = {
			isa = XCConfigurationList;
			buildConfigurations = (
				3EE194AD1BFB0C9E0006A12B /* Debug */,
				3EE194AE1BFB0C9E0006A12B /* Release */,
			);
			defaultConfigurationIsVisible = 0;
			defaultConfigurationName = Release;
		};
/* End XCConfigurationList section */
	};
	rootObject = 3EE1948F1BFB0C9E0006A12B /* Project object */;
}
